// !$*UTF8*$!
{
	archiveVersion = 1;
	classes = {
	};
	objectVersion = 50;
	objects = {

/* Begin PBXBuildFile section */
		83B93D3823D644ED0098B3D1 /* AppDelegate.swift in Sources */ = {isa = PBXBuildFile; fileRef = 83B93D3723D644ED0098B3D1 /* AppDelegate.swift */; };
		83B93D3A23D644ED0098B3D1 /* SceneDelegate.swift in Sources */ = {isa = PBXBuildFile; fileRef = 83B93D3923D644ED0098B3D1 /* SceneDelegate.swift */; };
		83B93D3D23D644ED0098B3D1 /* Prayer.xcdatamodeld in Sources */ = {isa = PBXBuildFile; fileRef = 83B93D3B23D644ED0098B3D1 /* Prayer.xcdatamodeld */; };
		83B93D3F23D644ED0098B3D1 /* ContentView.swift in Sources */ = {isa = PBXBuildFile; fileRef = 83B93D3E23D644ED0098B3D1 /* ContentView.swift */; };
		83B93D4123D644F00098B3D1 /* Assets.xcassets in Resources */ = {isa = PBXBuildFile; fileRef = 83B93D4023D644F00098B3D1 /* Assets.xcassets */; };
		83B93D4423D644F00098B3D1 /* Preview Assets.xcassets in Resources */ = {isa = PBXBuildFile; fileRef = 83B93D4323D644F00098B3D1 /* Preview Assets.xcassets */; };
		83B93D4723D644F00098B3D1 /* LaunchScreen.storyboard in Resources */ = {isa = PBXBuildFile; fileRef = 83B93D4523D644F00098B3D1 /* LaunchScreen.storyboard */; };
		83B93D4F23D645390098B3D1 /* People.swift in Sources */ = {isa = PBXBuildFile; fileRef = 83B93D4E23D645390098B3D1 /* People.swift */; };
		83B93D5123D6454A0098B3D1 /* Requests.swift in Sources */ = {isa = PBXBuildFile; fileRef = 83B93D5023D6454A0098B3D1 /* Requests.swift */; };
		83B93D5423D645700098B3D1 /* TabBar.swift in Sources */ = {isa = PBXBuildFile; fileRef = 83B93D5323D645700098B3D1 /* TabBar.swift */; };
		83B93D5723D6471F0098B3D1 /* Today.swift in Sources */ = {isa = PBXBuildFile; fileRef = 83B93D5623D6471F0098B3D1 /* Today.swift */; };
		83B93D5C23D64BBC0098B3D1 /* RequestStore.swift in Sources */ = {isa = PBXBuildFile; fileRef = 83B93D5B23D64BBC0098B3D1 /* RequestStore.swift */; };
		83B93D5E23D64CF00098B3D1 /* SingleRequest.swift in Sources */ = {isa = PBXBuildFile; fileRef = 83B93D5D23D64CF00098B3D1 /* SingleRequest.swift */; };
		83B93D6123D6503F0098B3D1 /* Person.swift in Sources */ = {isa = PBXBuildFile; fileRef = 83B93D6023D6503F0098B3D1 /* Person.swift */; };
		83B93D6323D6506E0098B3D1 /* PersonStore.swift in Sources */ = {isa = PBXBuildFile; fileRef = 83B93D6223D6506E0098B3D1 /* PersonStore.swift */; };
/* End PBXBuildFile section */

/* Begin PBXFileReference section */
		83B93D3423D644ED0098B3D1 /* Prayer.app */ = {isa = PBXFileReference; explicitFileType = wrapper.application; includeInIndex = 0; path = Prayer.app; sourceTree = BUILT_PRODUCTS_DIR; };
		83B93D3723D644ED0098B3D1 /* AppDelegate.swift */ = {isa = PBXFileReference; lastKnownFileType = sourcecode.swift; path = AppDelegate.swift; sourceTree = "<group>"; };
		83B93D3923D644ED0098B3D1 /* SceneDelegate.swift */ = {isa = PBXFileReference; lastKnownFileType = sourcecode.swift; path = SceneDelegate.swift; sourceTree = "<group>"; };
		83B93D3C23D644ED0098B3D1 /* Prayer.xcdatamodel */ = {isa = PBXFileReference; lastKnownFileType = wrapper.xcdatamodel; path = Prayer.xcdatamodel; sourceTree = "<group>"; };
		83B93D3E23D644ED0098B3D1 /* ContentView.swift */ = {isa = PBXFileReference; lastKnownFileType = sourcecode.swift; path = ContentView.swift; sourceTree = "<group>"; };
		83B93D4023D644F00098B3D1 /* Assets.xcassets */ = {isa = PBXFileReference; lastKnownFileType = folder.assetcatalog; path = Assets.xcassets; sourceTree = "<group>"; };
		83B93D4323D644F00098B3D1 /* Preview Assets.xcassets */ = {isa = PBXFileReference; lastKnownFileType = folder.assetcatalog; path = "Preview Assets.xcassets"; sourceTree = "<group>"; };
		83B93D4623D644F00098B3D1 /* Base */ = {isa = PBXFileReference; lastKnownFileType = file.storyboard; name = Base; path = Base.lproj/LaunchScreen.storyboard; sourceTree = "<group>"; };
		83B93D4823D644F00098B3D1 /* Info.plist */ = {isa = PBXFileReference; lastKnownFileType = text.plist.xml; path = Info.plist; sourceTree = "<group>"; };
		83B93D4E23D645390098B3D1 /* People.swift */ = {isa = PBXFileReference; lastKnownFileType = sourcecode.swift; path = People.swift; sourceTree = "<group>"; };
		83B93D5023D6454A0098B3D1 /* Requests.swift */ = {isa = PBXFileReference; lastKnownFileType = sourcecode.swift; path = Requests.swift; sourceTree = "<group>"; };
		83B93D5323D645700098B3D1 /* TabBar.swift */ = {isa = PBXFileReference; lastKnownFileType = sourcecode.swift; path = TabBar.swift; sourceTree = "<group>"; };
		83B93D5623D6471F0098B3D1 /* Today.swift */ = {isa = PBXFileReference; lastKnownFileType = sourcecode.swift; path = Today.swift; sourceTree = "<group>"; };
		83B93D5B23D64BBC0098B3D1 /* RequestStore.swift */ = {isa = PBXFileReference; lastKnownFileType = sourcecode.swift; path = RequestStore.swift; sourceTree = "<group>"; };
		83B93D5D23D64CF00098B3D1 /* SingleRequest.swift */ = {isa = PBXFileReference; lastKnownFileType = sourcecode.swift; path = SingleRequest.swift; sourceTree = "<group>"; };
		83B93D6023D6503F0098B3D1 /* Person.swift */ = {isa = PBXFileReference; lastKnownFileType = sourcecode.swift; path = Person.swift; sourceTree = "<group>"; };
		83B93D6223D6506E0098B3D1 /* PersonStore.swift */ = {isa = PBXFileReference; lastKnownFileType = sourcecode.swift; path = PersonStore.swift; sourceTree = "<group>"; };
/* End PBXFileReference section */

/* Begin PBXFrameworksBuildPhase section */
		83B93D3123D644ED0098B3D1 /* Frameworks */ = {
			isa = PBXFrameworksBuildPhase;
			buildActionMask = 2147483647;
			files = (
			);
			runOnlyForDeploymentPostprocessing = 0;
		};
/* End PBXFrameworksBuildPhase section */

/* Begin PBXGroup section */
		83B93D2B23D644ED0098B3D1 = {
			isa = PBXGroup;
			children = (
				83B93D3623D644ED0098B3D1 /* Prayer */,
				83B93D3523D644ED0098B3D1 /* Products */,
			);
			sourceTree = "<group>";
		};
		83B93D3523D644ED0098B3D1 /* Products */ = {
			isa = PBXGroup;
			children = (
				83B93D3423D644ED0098B3D1 /* Prayer.app */,
			);
			name = Products;
			sourceTree = "<group>";
		};
		83B93D3623D644ED0098B3D1 /* Prayer */ = {
			isa = PBXGroup;
			children = (
				83B93D3723D644ED0098B3D1 /* AppDelegate.swift */,
				83B93D3923D644ED0098B3D1 /* SceneDelegate.swift */,
				83B93D3E23D644ED0098B3D1 /* ContentView.swift */,
				83B93D5223D645640098B3D1 /* Views */,
				83B93D5523D645740098B3D1 /* Components */,
				83B93D5F23D64FA10098B3D1 /* Data */,
				83B93D4023D644F00098B3D1 /* Assets.xcassets */,
				83B93D4523D644F00098B3D1 /* LaunchScreen.storyboard */,
				83B93D4823D644F00098B3D1 /* Info.plist */,
				83B93D3B23D644ED0098B3D1 /* Prayer.xcdatamodeld */,
				83B93D4223D644F00098B3D1 /* Preview Content */,
			);
			path = Prayer;
			sourceTree = "<group>";
		};
		83B93D4223D644F00098B3D1 /* Preview Content */ = {
			isa = PBXGroup;
			children = (
				83B93D4323D644F00098B3D1 /* Preview Assets.xcassets */,
			);
			path = "Preview Content";
			sourceTree = "<group>";
		};
		83B93D5223D645640098B3D1 /* Views */ = {
			isa = PBXGroup;
			children = (
				83B93D5623D6471F0098B3D1 /* Today.swift */,
				83B93D4E23D645390098B3D1 /* People.swift */,
				83B93D6023D6503F0098B3D1 /* Person.swift */,
				83B93D5023D6454A0098B3D1 /* Requests.swift */,
				83B93D5D23D64CF00098B3D1 /* SingleRequest.swift */,
			);
			path = Views;
			sourceTree = "<group>";
		};
		83B93D5523D645740098B3D1 /* Components */ = {
			isa = PBXGroup;
			children = (
				83B93D5323D645700098B3D1 /* TabBar.swift */,
			);
			path = Components;
			sourceTree = "<group>";
		};
		83B93D5F23D64FA10098B3D1 /* Data */ = {
			isa = PBXGroup;
			children = (
				83B93D5B23D64BBC0098B3D1 /* RequestStore.swift */,
				83B93D6223D6506E0098B3D1 /* PersonStore.swift */,
			);
			path = Data;
			sourceTree = "<group>";
		};
/* End PBXGroup section */

/* Begin PBXNativeTarget section */
		83B93D3323D644ED0098B3D1 /* Prayer */ = {
			isa = PBXNativeTarget;
			buildConfigurationList = 83B93D4B23D644F00098B3D1 /* Build configuration list for PBXNativeTarget "Prayer" */;
			buildPhases = (
				83B93D3023D644ED0098B3D1 /* Sources */,
				83B93D3123D644ED0098B3D1 /* Frameworks */,
				83B93D3223D644ED0098B3D1 /* Resources */,
			);
			buildRules = (
			);
			dependencies = (
			);
			name = Prayer;
			productName = Prayer;
			productReference = 83B93D3423D644ED0098B3D1 /* Prayer.app */;
			productType = "com.apple.product-type.application";
		};
/* End PBXNativeTarget section */

/* Begin PBXProject section */
		83B93D2C23D644ED0098B3D1 /* Project object */ = {
			isa = PBXProject;
			attributes = {
				LastSwiftUpdateCheck = 1130;
				LastUpgradeCheck = 1130;
				ORGANIZATIONNAME = "Christopher Davis";
				TargetAttributes = {
					83B93D3323D644ED0098B3D1 = {
						CreatedOnToolsVersion = 11.3.1;
					};
				};
			};
			buildConfigurationList = 83B93D2F23D644ED0098B3D1 /* Build configuration list for PBXProject "Prayer" */;
			compatibilityVersion = "Xcode 9.3";
			developmentRegion = en;
			hasScannedForEncodings = 0;
			knownRegions = (
				en,
				Base,
			);
			mainGroup = 83B93D2B23D644ED0098B3D1;
			productRefGroup = 83B93D3523D644ED0098B3D1 /* Products */;
			projectDirPath = "";
			projectRoot = "";
			targets = (
				83B93D3323D644ED0098B3D1 /* Prayer */,
			);
		};
/* End PBXProject section */

/* Begin PBXResourcesBuildPhase section */
		83B93D3223D644ED0098B3D1 /* Resources */ = {
			isa = PBXResourcesBuildPhase;
			buildActionMask = 2147483647;
			files = (
				83B93D4723D644F00098B3D1 /* LaunchScreen.storyboard in Resources */,
				83B93D4423D644F00098B3D1 /* Preview Assets.xcassets in Resources */,
				83B93D4123D644F00098B3D1 /* Assets.xcassets in Resources */,
			);
			runOnlyForDeploymentPostprocessing = 0;
		};
/* End PBXResourcesBuildPhase section */

/* Begin PBXSourcesBuildPhase section */
		83B93D3023D644ED0098B3D1 /* Sources */ = {
			isa = PBXSourcesBuildPhase;
			buildActionMask = 2147483647;
			files = (
				83B93D6323D6506E0098B3D1 /* PersonStore.swift in Sources */,
				83B93D3823D644ED0098B3D1 /* AppDelegate.swift in Sources */,
				83B93D3D23D644ED0098B3D1 /* Prayer.xcdatamodeld in Sources */,
				83B93D3F23D644ED0098B3D1 /* ContentView.swift in Sources */,
				83B93D5E23D64CF00098B3D1 /* SingleRequest.swift in Sources */,
				83B93D6123D6503F0098B3D1 /* Person.swift in Sources */,
				83B93D5123D6454A0098B3D1 /* Requests.swift in Sources */,
				83B93D3A23D644ED0098B3D1 /* SceneDelegate.swift in Sources */,
				83B93D4F23D645390098B3D1 /* People.swift in Sources */,
				83B93D5423D645700098B3D1 /* TabBar.swift in Sources */,
				83B93D5723D6471F0098B3D1 /* Today.swift in Sources */,
				83B93D5C23D64BBC0098B3D1 /* RequestStore.swift in Sources */,
			);
			runOnlyForDeploymentPostprocessing = 0;
		};
/* End PBXSourcesBuildPhase section */

/* Begin PBXVariantGroup section */
		83B93D4523D644F00098B3D1 /* LaunchScreen.storyboard */ = {
			isa = PBXVariantGroup;
			children = (
				83B93D4623D644F00098B3D1 /* Base */,
			);
			name = LaunchScreen.storyboard;
			sourceTree = "<group>";
		};
/* End PBXVariantGroup section */

/* Begin XCBuildConfiguration section */
		83B93D4923D644F00098B3D1 /* Debug */ = {
			isa = XCBuildConfiguration;
			buildSettings = {
				ALWAYS_SEARCH_USER_PATHS = NO;
				CLANG_ANALYZER_NONNULL = YES;
				CLANG_ANALYZER_NUMBER_OBJECT_CONVERSION = YES_AGGRESSIVE;
				CLANG_CXX_LANGUAGE_STANDARD = "gnu++14";
				CLANG_CXX_LIBRARY = "libc++";
				CLANG_ENABLE_MODULES = YES;
				CLANG_ENABLE_OBJC_ARC = YES;
				CLANG_ENABLE_OBJC_WEAK = YES;
				CLANG_WARN_BLOCK_CAPTURE_AUTORELEASING = YES;
				CLANG_WARN_BOOL_CONVERSION = YES;
				CLANG_WARN_COMMA = YES;
				CLANG_WARN_CONSTANT_CONVERSION = YES;
				CLANG_WARN_DEPRECATED_OBJC_IMPLEMENTATIONS = YES;
				CLANG_WARN_DIRECT_OBJC_ISA_USAGE = YES_ERROR;
				CLANG_WARN_DOCUMENTATION_COMMENTS = YES;
				CLANG_WARN_EMPTY_BODY = YES;
				CLANG_WARN_ENUM_CONVERSION = YES;
				CLANG_WARN_INFINITE_RECURSION = YES;
				CLANG_WARN_INT_CONVERSION = YES;
				CLANG_WARN_NON_LITERAL_NULL_CONVERSION = YES;
				CLANG_WARN_OBJC_IMPLICIT_RETAIN_SELF = YES;
				CLANG_WARN_OBJC_LITERAL_CONVERSION = YES;
				CLANG_WARN_OBJC_ROOT_CLASS = YES_ERROR;
				CLANG_WARN_RANGE_LOOP_ANALYSIS = YES;
				CLANG_WARN_STRICT_PROTOTYPES = YES;
				CLANG_WARN_SUSPICIOUS_MOVE = YES;
				CLANG_WARN_UNGUARDED_AVAILABILITY = YES_AGGRESSIVE;
				CLANG_WARN_UNREACHABLE_CODE = YES;
				CLANG_WARN__DUPLICATE_METHOD_MATCH = YES;
				COPY_PHASE_STRIP = NO;
				DEBUG_INFORMATION_FORMAT = dwarf;
				ENABLE_STRICT_OBJC_MSGSEND = YES;
				ENABLE_TESTABILITY = YES;
				GCC_C_LANGUAGE_STANDARD = gnu11;
				GCC_DYNAMIC_NO_PIC = NO;
				GCC_NO_COMMON_BLOCKS = YES;
				GCC_OPTIMIZATION_LEVEL = 0;
				GCC_PREPROCESSOR_DEFINITIONS = (
					"DEBUG=1",
					"$(inherited)",
				);
				GCC_WARN_64_TO_32_BIT_CONVERSION = YES;
				GCC_WARN_ABOUT_RETURN_TYPE = YES_ERROR;
				GCC_WARN_UNDECLARED_SELECTOR = YES;
				GCC_WARN_UNINITIALIZED_AUTOS = YES_AGGRESSIVE;
				GCC_WARN_UNUSED_FUNCTION = YES;
				GCC_WARN_UNUSED_VARIABLE = YES;
				IPHONEOS_DEPLOYMENT_TARGET = 13.2;
				MTL_ENABLE_DEBUG_INFO = INCLUDE_SOURCE;
				MTL_FAST_MATH = YES;
				ONLY_ACTIVE_ARCH = YES;
				SDKROOT = iphoneos;
				SWIFT_ACTIVE_COMPILATION_CONDITIONS = DEBUG;
				SWIFT_OPTIMIZATION_LEVEL = "-Onone";
			};
			name = Debug;
		};
		83B93D4A23D644F00098B3D1 /* Release */ = {
			isa = XCBuildConfiguration;
			buildSettings = {
				ALWAYS_SEARCH_USER_PATHS = NO;
				CLANG_ANALYZER_NONNULL = YES;
				CLANG_ANALYZER_NUMBER_OBJECT_CONVERSION = YES_AGGRESSIVE;
				CLANG_CXX_LANGUAGE_STANDARD = "gnu++14";
				CLANG_CXX_LIBRARY = "libc++";
				CLANG_ENABLE_MODULES = YES;
				CLANG_ENABLE_OBJC_ARC = YES;
				CLANG_ENABLE_OBJC_WEAK = YES;
				CLANG_WARN_BLOCK_CAPTURE_AUTORELEASING = YES;
				CLANG_WARN_BOOL_CONVERSION = YES;
				CLANG_WARN_COMMA = YES;
				CLANG_WARN_CONSTANT_CONVERSION = YES;
				CLANG_WARN_DEPRECATED_OBJC_IMPLEMENTATIONS = YES;
				CLANG_WARN_DIRECT_OBJC_ISA_USAGE = YES_ERROR;
				CLANG_WARN_DOCUMENTATION_COMMENTS = YES;
				CLANG_WARN_EMPTY_BODY = YES;
				CLANG_WARN_ENUM_CONVERSION = YES;
				CLANG_WARN_INFINITE_RECURSION = YES;
				CLANG_WARN_INT_CONVERSION = YES;
				CLANG_WARN_NON_LITERAL_NULL_CONVERSION = YES;
				CLANG_WARN_OBJC_IMPLICIT_RETAIN_SELF = YES;
				CLANG_WARN_OBJC_LITERAL_CONVERSION = YES;
				CLANG_WARN_OBJC_ROOT_CLASS = YES_ERROR;
				CLANG_WARN_RANGE_LOOP_ANALYSIS = YES;
				CLANG_WARN_STRICT_PROTOTYPES = YES;
				CLANG_WARN_SUSPICIOUS_MOVE = YES;
				CLANG_WARN_UNGUARDED_AVAILABILITY = YES_AGGRESSIVE;
				CLANG_WARN_UNREACHABLE_CODE = YES;
				CLANG_WARN__DUPLICATE_METHOD_MATCH = YES;
				COPY_PHASE_STRIP = NO;
				DEBUG_INFORMATION_FORMAT = "dwarf-with-dsym";
				ENABLE_NS_ASSERTIONS = NO;
				ENABLE_STRICT_OBJC_MSGSEND = YES;
				GCC_C_LANGUAGE_STANDARD = gnu11;
				GCC_NO_COMMON_BLOCKS = YES;
				GCC_WARN_64_TO_32_BIT_CONVERSION = YES;
				GCC_WARN_ABOUT_RETURN_TYPE = YES_ERROR;
				GCC_WARN_UNDECLARED_SELECTOR = YES;
				GCC_WARN_UNINITIALIZED_AUTOS = YES_AGGRESSIVE;
				GCC_WARN_UNUSED_FUNCTION = YES;
				GCC_WARN_UNUSED_VARIABLE = YES;
				IPHONEOS_DEPLOYMENT_TARGET = 13.2;
				MTL_ENABLE_DEBUG_INFO = NO;
				MTL_FAST_MATH = YES;
				SDKROOT = iphoneos;
				SWIFT_COMPILATION_MODE = wholemodule;
				SWIFT_OPTIMIZATION_LEVEL = "-O";
				VALIDATE_PRODUCT = YES;
			};
			name = Release;
		};
		83B93D4C23D644F00098B3D1 /* Debug */ = {
			isa = XCBuildConfiguration;
			buildSettings = {
				ASSETCATALOG_COMPILER_APPICON_NAME = AppIcon;
				CODE_SIGN_STYLE = Automatic;
				DEVELOPMENT_ASSET_PATHS = "\"Prayer/Preview Content\"";
				DEVELOPMENT_TEAM = SGPBBYXGYR;
				ENABLE_PREVIEWS = YES;
				INFOPLIST_FILE = Prayer/Info.plist;
				LD_RUNPATH_SEARCH_PATHS = (
					"$(inherited)",
					"@executable_path/Frameworks",
				);
				PRODUCT_BUNDLE_IDENTIFIER = io.ObviousUnrest.Prayer;
				PRODUCT_NAME = "$(TARGET_NAME)";
				SWIFT_VERSION = 5.0;
				TARGETED_DEVICE_FAMILY = "1,2";
			};
			name = Debug;
		};
		83B93D4D23D644F00098B3D1 /* Release */ = {
			isa = XCBuildConfiguration;
			buildSettings = {
				ASSETCATALOG_COMPILER_APPICON_NAME = AppIcon;
				CODE_SIGN_STYLE = Automatic;
				DEVELOPMENT_ASSET_PATHS = "\"Prayer/Preview Content\"";
				DEVELOPMENT_TEAM = SGPBBYXGYR;
				ENABLE_PREVIEWS = YES;
				INFOPLIST_FILE = Prayer/Info.plist;
				LD_RUNPATH_SEARCH_PATHS = (
					"$(inherited)",
					"@executable_path/Frameworks",
				);
				PRODUCT_BUNDLE_IDENTIFIER = io.ObviousUnrest.Prayer;
				PRODUCT_NAME = "$(TARGET_NAME)";
				SWIFT_VERSION = 5.0;
				TARGETED_DEVICE_FAMILY = "1,2";
			};
			name = Release;
		};
/* End XCBuildConfiguration section */

/* Begin XCConfigurationList section */
		83B93D2F23D644ED0098B3D1 /* Build configuration list for PBXProject "Prayer" */ = {
			isa = XCConfigurationList;
			buildConfigurations = (
				83B93D4923D644F00098B3D1 /* Debug */,
				83B93D4A23D644F00098B3D1 /* Release */,
			);
			defaultConfigurationIsVisible = 0;
			defaultConfigurationName = Release;
		};
		83B93D4B23D644F00098B3D1 /* Build configuration list for PBXNativeTarget "Prayer" */ = {
			isa = XCConfigurationList;
			buildConfigurations = (
				83B93D4C23D644F00098B3D1 /* Debug */,
				83B93D4D23D644F00098B3D1 /* Release */,
			);
			defaultConfigurationIsVisible = 0;
			defaultConfigurationName = Release;
		};
/* End XCConfigurationList section */

/* Begin XCVersionGroup section */
		83B93D3B23D644ED0098B3D1 /* Prayer.xcdatamodeld */ = {
			isa = XCVersionGroup;
			children = (
				83B93D3C23D644ED0098B3D1 /* Prayer.xcdatamodel */,
			);
			currentVersion = 83B93D3C23D644ED0098B3D1 /* Prayer.xcdatamodel */;
			path = Prayer.xcdatamodeld;
			sourceTree = "<group>";
			versionGroupType = wrapper.xcdatamodel;
		};
/* End XCVersionGroup section */
	};
	rootObject = 83B93D2C23D644ED0098B3D1 /* Project object */;
}
